<?xml version="1.0" encoding="utf-8"?>
<Project ToolsVersion="4.0" xmlns="http://schemas.microsoft.com/developer/msbuild/2003">
  <ItemGroup>
    <Filter Include="Source Files">
      <UniqueIdentifier>{4FC737F1-C7A5-4376-A066-2A32D752A2FF}</UniqueIdentifier>
      <Extensions>cpp;c;cc;cxx;def;odl;idl;hpj;bat;asm;asmx</Extensions>
    </Filter>
    <Filter Include="Header Files">
      <UniqueIdentifier>{93995380-89BD-4b04-88EB-625FBE52EBFB}</UniqueIdentifier>
      <Extensions>h;hh;hpp;hxx;hm;inl;inc;xsd</Extensions>
    </Filter>
    <Filter Include="Resource Files">
      <UniqueIdentifier>{67DA6AB6-F800-4c08-8B7A-83BB121AAD01}</UniqueIdentifier>
      <Extensions>rc;ico;cur;bmp;dlg;rc2;rct;bin;rgs;gif;jpg;jpeg;jpe;resx;tiff;tif;png;wav;mfcribbon-ms</Extensions>
    </Filter>
  </ItemGroup>
  <ItemGroup>
    <ClInclude Include="BitScale.h">
      <Filter>Header Files</Filter>
    </ClInclude>
    <ClInclude Include="BitUtility.h">
      <Filter>Header Files</Filter>
    </ClInclude>
    <ClInclude Include="ColorRgba.h">
      <Filter>Header Files</Filter>
    </ClInclude>
    <ClInclude Include="Interval.h">
      <Filter>Header Files</Filter>
    </ClInclude>
    <ClInclude Include="MortonTable.h">
      <Filter>Header Files</Filter>
    </ClInclude>
    <ClInclude Include="Point2.h">
      <Filter>Header Files</Filter>
    </ClInclude>
    <ClInclude Include="PvrTcDecoder.h">
      <Filter>Header Files</Filter>
    </ClInclude>
    <ClInclude Include="PvrTcEncoder.h">
      <Filter>Header Files</Filter>
    </ClInclude>
    <ClInclude Include="PvrTcPacket.h">
      <Filter>Header Files</Filter>
    </ClInclude>
    <ClInclude Include="RgbaBitmap.h">
      <Filter>Header Files</Filter>
    </ClInclude>
    <ClInclude Include="RgbBitmap.h">
      <Filter>Header Files</Filter>
    </ClInclude>
    <ClInclude Include="AlphaBitmap.h">
      <Filter>Header Files</Filter>
    </ClInclude>
    <ClInclude Include="Bitmap.h">
      <Filter>Header Files</Filter>
    </ClInclude>
  </ItemGroup>
  <ItemGroup>
    <ClCompile Include="MortonTable.cpp">
      <Filter>Source Files</Filter>
    </ClCompile>
    <ClCompile Include="PvrTcDecoder.cpp">
      <Filter>Source Files</Filter>
    </ClCompile>
    <ClCompile Include="PvrTcEncoder.cpp">
      <Filter>Source Files</Filter>
    </ClCompile>
    <ClCompile Include="PvrTcPacket.cpp">
      <Filter>Source Files</Filter>
    </ClCompile>
    <ClCompile Include="BitScale.cpp">
      <Filter>Source Files</Filter>
    </ClCompile>
    <ClCompile Include="pvrtc.cpp">
      <Filter>Source Files</Filter>
    </ClCompile>
  </ItemGroup>
</Project>